{
  "projects": [
    {
      "projectId": "gmeH6XgPaBtkt51HunAo4g",
      "version": "18.16.0",
      "dependencies": {},
      "lang": "ts",
      "fileLocks": [
        {
          "assetId": "gmeH6XgPaBtkt51HunAo4g",
          "type": "projectCss",
          "checksum": "1c02168c6b23256606111fdfdbb63549"
        }
      ],
      "codegenVersion": "0.0.1"
    },
    {
      "projectId": "7nJ7UcFmq9UzB6eXfC5z4a",
      "version": "0.31.0",
      "dependencies": {},
      "lang": "ts",
      "fileLocks": [
        {
          "assetId": "7nJ7UcFmq9UzB6eXfC5z4a",
          "type": "projectCss",
          "checksum": "01e8cee5b9ce00fbc93f494c2a40dbf1"
        }
      ],
      "codegenVersion": "0.0.1"
    },
    {
      "projectId": "jFJBGSwvhBn2d7627Y5vZT",
      "version": "latest",
      "dependencies": {
        "7nJ7UcFmq9UzB6eXfC5z4a": "0.31.0",
        "gmeH6XgPaBtkt51HunAo4g": "18.16.0"
      },
      "lang": "ts",
      "fileLocks": [
        {
          "type": "globalVariant",
          "assetId": "cclXWup9OQbP",
          "checksum": "dc31210f3e9140f691b38d6b921cae51"
        },
        {
          "assetId": "jFJBGSwvhBn2d7627Y5vZT",
          "type": "projectCss",
          "checksum": "729822656b799367e1095fc7039b10fa"
        },
        {
          "type": "renderModule",
          "assetId": "IIa7NXzjNXk5",
          "checksum": "9a6094ecee5fa6170aa51f6e73b67947"
        },
        {
          "type": "cssRules",
          "assetId": "IIa7NXzjNXk5",
          "checksum": "9a6094ecee5fa6170aa51f6e73b67947"
        },
        {
          "type": "renderModule",
          "assetId": "zbmVtYiGCSxi",
          "checksum": "e0cbc9caedcf97f671e332e158f495e8"
        },
        {
          "type": "cssRules",
          "assetId": "zbmVtYiGCSxi",
          "checksum": "e0cbc9caedcf97f671e332e158f495e8"
        },
        {
          "type": "renderModule",
          "assetId": "bIzb6tergt5E",
          "checksum": "6f97648f62698d4f8ee13f7338351b00"
        },
        {
          "type": "cssRules",
          "assetId": "bIzb6tergt5E",
          "checksum": "6f97648f62698d4f8ee13f7338351b00"
        },
        {
          "type": "renderModule",
          "assetId": "r-D8AFSoLiSn",
          "checksum": "483a6b1c86525153ae610a21d856b948"
        },
        {
          "type": "cssRules",
          "assetId": "r-D8AFSoLiSn",
          "checksum": "483a6b1c86525153ae610a21d856b948"
        },
        {
          "type": "renderModule",
          "assetId": "h7CSnkR3ld5E",
          "checksum": "060884ee639a682577b66dacd441eafe"
        },
        {
          "type": "cssRules",
          "assetId": "h7CSnkR3ld5E",
          "checksum": "060884ee639a682577b66dacd441eafe"
        },
        {
          "type": "renderModule",
          "assetId": "aAOomgtMSqvN",
          "checksum": "10ebbf4c78bb250b5f459198e51bf080"
        },
        {
          "type": "cssRules",
          "assetId": "aAOomgtMSqvN",
          "checksum": "10ebbf4c78bb250b5f459198e51bf080"
        },
        {
          "type": "renderModule",
          "assetId": "HqfI1TgJrnaE",
          "checksum": "a9222951dacdb76ef5385fbc46bc026c"
        },
        {
          "type": "cssRules",
          "assetId": "HqfI1TgJrnaE",
          "checksum": "a9222951dacdb76ef5385fbc46bc026c"
        },
        {
          "type": "renderModule",
          "assetId": "r9032rPlF7c2",
          "checksum": "179193b123beb711bcb96d3278285201"
        },
        {
          "type": "cssRules",
          "assetId": "r9032rPlF7c2",
          "checksum": "179193b123beb711bcb96d3278285201"
        },
        {
          "type": "icon",
          "assetId": "4QZ7VZ2Rb-_J",
          "checksum": "ae830c3624efd25991fe188c61b49f19"
        },
        {
          "type": "icon",
          "assetId": "iPW9S8gwH3Wd",
          "checksum": "4930af22aec43d14e10908e8e0a929d4"
        },
        {
          "type": "icon",
          "assetId": "Qodf2rR0KSlE",
          "checksum": "ad004b7723b3ddf6cb04a811ef7c8cbf"
        },
        {
          "type": "icon",
          "assetId": "3EkBy-CB5aAm",
          "checksum": "b16fd5952308e915ce549e5f5c43b3eb"
        },
        {
          "type": "icon",
          "assetId": "QpT2y_3QmlDI",
          "checksum": "8962d1526a84d19f096e9946154e85c8"
        },
        {
          "type": "icon",
          "assetId": "vOmtqFLK_0N9",
          "checksum": "3d10e7c31b3a7cb80855f9166bfcee8b"
        },
        {
          "type": "icon",
          "assetId": "pAxf23NmJR6P",
          "checksum": "62a632634107d604e15d9e71ed04d654"
        },
        {
          "type": "icon",
          "assetId": "1rkq-96zzo-s",
          "checksum": "ee0f42cfc9b5b693e55d3d7cbd7d0316"
        },
        {
          "type": "icon",
          "assetId": "dHkQnQAw_pzn",
          "checksum": "5303e9df069c9b72095a52d269f9a2f9"
        },
        {
          "type": "icon",
          "assetId": "-rOaOA3EY3ia",
          "checksum": "658c0d4ab4ca8c13c52ca615f9aa5a65"
        },
        {
          "type": "icon",
          "assetId": "akaChp6eD58M",
          "checksum": "dcc2c8eaae184539297dbff0cc637e48"
        },
        {
          "type": "icon",
          "assetId": "qCbzSD0fbEOY",
          "checksum": "f1d907a363d8ff596fd92f32bda2fc86"
        },
        {
          "type": "image",
          "assetId": "7rCRSwZW3LnE",
          "checksum": "80502ca615fab7c59796846b7690e002"
        },
        {
          "type": "image",
          "assetId": "9GwfQgQH2aQL",
          "checksum": "185d40a12e274b217a13832b510080ee"
        },
        {
          "type": "image",
          "assetId": "oerMHdM0y3-C",
          "checksum": "d57eea031eac8112a4016a3b2eb5003c"
        },
        {
          "type": "image",
          "assetId": "mCHzFEzyXFYq",
          "checksum": "464919e01d80d6abe9184843d15dbee1"
        },
        {
          "type": "image",
          "assetId": "MTZvZtKbl9Qs",
          "checksum": "a3c50364009b19220de0892d1acc7fa2"
        },
        {
          "type": "image",
          "assetId": "aZ8ZiLCQjQUB",
          "checksum": "79a4ccc8641835c0c4a7bfc2f7e9367f"
        },
        {
          "type": "image",
          "assetId": "fzVYj7HxTIat",
          "checksum": "0d1e6176b38ec49eaae646e522046b54"
        },
        {
          "type": "image",
          "assetId": "P1Ik_4Fe2JHl",
          "checksum": "c2a4b7ead776caa1f71f7df1fbe77e91"
        },
        {
          "type": "image",
          "assetId": "6JsLEOOYXmgL",
          "checksum": "4e678f9a349132769fbd410ffad3824d"
        },
        {
          "type": "image",
          "assetId": "yQudozGkiHfy",
          "checksum": "cb54b18ede1099a4f44d3023cbe51fd9"
        },
        {
          "type": "image",
          "assetId": "Lhumb2PcGlJq",
          "checksum": "c6d7aa8d065ba96439633fc53db1a800"
        },
        {
          "type": "image",
          "assetId": "kcfkhmJegBGK",
          "checksum": "2412ccf8980cdb2d24e24d8fa6b50a34"
        },
        {
          "type": "image",
          "assetId": "E2cXyqxYrnGN",
          "checksum": "47337ebd42419f0131b06395247a5706"
        },
        {
          "type": "image",
          "assetId": "cxVH4KxaaH5X",
          "checksum": "ecbd27055eb8007242e43bc3cf2b3a74"
        },
        {
          "type": "image",
          "assetId": "mgJ1NSuRyrSS",
          "checksum": "bb4557a7d517b8221fec4649f834ff9c"
        },
        {
          "type": "image",
          "assetId": "8YI4lsuwOp7e",
          "checksum": "9571af278f65f7be7d498434536d86ea"
        },
        {
          "type": "image",
          "assetId": "ooXFIU620ZrZ",
          "checksum": "2d316dd046e86ffb5981079b4a63ba32"
        },
        {
          "type": "image",
          "assetId": "Jw1piI2a3ckz",
          "checksum": "51253dc693729be6d80f6358b3a584cb"
        },
        {
          "type": "image",
          "assetId": "b8ibyqX_OxPX",
          "checksum": "f040b4a1a9f61314b678dfef89f74301"
        },
        {
          "type": "image",
          "assetId": "N7mjTC6hI8RS",
          "checksum": "17e38dd0dfafd72324a4f8a6f60d8d47"
        },
        {
          "type": "image",
          "assetId": "Z9sd-UcxnRXP",
          "checksum": "602dc5f718c6b4c95c30af4dcbf4ee2e"
        },
        {
          "type": "image",
          "assetId": "HIHltGCTjgtY",
          "checksum": "71607f59f1b191874643c3cfcf8a633a"
        },
        {
          "type": "image",
          "assetId": "KjyslDq8L8Em",
          "checksum": "f47577eb94db4ad263033a2a25e600eb"
        },
        {
          "type": "image",
          "assetId": "Hr8zohzDVEl3",
          "checksum": "bfacd238d645ff2e103ef7d165bf9c47"
        },
        {
          "type": "image",
          "assetId": "Ip5r5tAk-JNM",
          "checksum": "4ec6ee6336057b85d47e70634c64ac37"
        },
        {
          "type": "image",
          "assetId": "Oo5EVW5uc19K",
          "checksum": "422f9f5b13b2a9470ecf334a5ad047f4"
        },
        {
          "type": "image",
          "assetId": "MbwgWSqrk-Wc",
          "checksum": "978d3da96b476e4bfa79ef20bb51d385"
        },
        {
          "type": "image",
          "assetId": "nffuSo0MVYXa",
          "checksum": "cac5e85589223567aa5dd8d96c8427bc"
        },
        {
          "type": "image",
          "assetId": "FRbc8e0I9-v2",
          "checksum": "3c9516e763437deba3b90f1b57b3491f"
        },
        {
          "type": "image",
          "assetId": "aNNh3mFte4_a",
          "checksum": "bd5d8ce7e70d0b2f881fe25b15caff3e"
        },
        {
          "type": "image",
          "assetId": "Jcp7-TtC8YIg",
          "checksum": "fa49a3660f84f2c8adb3cb5e6083d56c"
        },
        {
          "type": "image",
          "assetId": "DsLhW4jmzxkd",
          "checksum": "366452dae9fd44e82d9a52119eb8ca72"
        },
        {
          "type": "image",
          "assetId": "tNsgR-WxcroA",
          "checksum": "192217d54ec6942e4b8e9d07179ea8f3"
        },
        {
          "type": "image",
          "assetId": "x_runob-IPi2",
          "checksum": "9dd779e68a61562a8832ca900750e1c3"
        },
        {
          "type": "image",
          "assetId": "8pHo9zuLe5he",
          "checksum": "fa7d247561f4dfc60169864f3fe8c4d8"
        },
        {
          "type": "image",
          "assetId": "QHMXf8mzJUfp",
          "checksum": "ee139f785dcf4425f3e86b54d873a644"
        },
        {
          "type": "image",
          "assetId": "zk9hKbp0vIJR",
          "checksum": "2bb118f2ea4923aeb5007b8afa284f35"
        },
        {
          "type": "image",
          "assetId": "C4pgb5jQVckl",
          "checksum": "65fa5e90403eb145e98d7d02ff031e5d"
        },
        {
          "type": "image",
          "assetId": "FbU0xd8ClbMz",
          "checksum": "a7ee8187a88bc72acf8d5276765b07f6"
        },
        {
          "type": "image",
          "assetId": "Jp4e9y-trTsp",
          "checksum": "5db23db5ebd6cb78501f28670893debd"
        },
        {
          "type": "image",
          "assetId": "p6qno0g9OA3K",
          "checksum": "929d224c5a5c8e644e6640f8f57fd619"
        }
      ],
      "codegenVersion": "0.0.1"
    }
  ],
  "cliVersion": "0.1.337"
}
